{
  "name": "roon-local-ai",
  "version": "0.1.0",
  "lockfileVersion": 3,
  "requires": true,
  "packages": {
    "": {
      "name": "roon-local-ai",
      "version": "0.1.0",
      "license": "Apache-2.0",
      "dependencies": {
        "node-roon-api": "https://github.com/RoonLabs/node-roon-api/archive/refs/heads/master.tar.gz",
        "node-roon-api-browse": "https://github.com/RoonLabs/node-roon-api-browse/archive/refs/heads/master.tar.gz",
        "node-roon-api-status": "https://github.com/RoonLabs/node-roon-api-status/archive/refs/heads/master.tar.gz",
        "node-roon-api-transport": "https://github.com/RoonLabs/node-roon-api-transport/archive/refs/heads/master.tar.gz"
      },
      "engines": {
        "node": ">=18"
      }
    },
    "node_modules/node-roon-api": {
      "version": "1.2.3",
      "resolved": "https://github.com/RoonLabs/node-roon-api/archive/refs/heads/master.tar.gz",
      "integrity": "sha512-LHY4wEdp24kPV9kICmsVAoBIF5pEiwA9iCco7uOQRGdKNDmzoG0JL/rfe+rN0FvfCSLL0hLUoDxz/J9qHgJIeg==",
      "license": "Apache-2.0",
      "dependencies": {
        "node-uuid": "^1.4.7",
        "ws": ">=3.3.1"
      }
    },
    "node_modules/node-roon-api-browse": {
      "version": "1.0.0",
      "resolved": "https://github.com/RoonLabs/node-roon-api-browse/archive/refs/heads/master.tar.gz",
      "integrity": "sha512-vVU5pXPi7jpZ0A4UmtrEoj4U9eNp3Jt0sPyxPMOnUXPhF0OSOuZWLNgHzoWBoaIu53bPipg1L//OLlNZ7Spbyg==",
      "license": "Apache-2.0"
    },
    "node_modules/node-roon-api-status": {
      "version": "1.0.0",
      "resolved": "https://github.com/RoonLabs/node-roon-api-status/archive/refs/heads/master.tar.gz",
      "integrity": "sha512-gWy6HLDjwOpOdHw2tZXfsJjg9HF9BucVSXBew8nsCqZcB9ATZzRSex4iau0Wh8S+/W3cC4KOD3XmuD8kMxkCyg==",
      "license": "Apache-2.0"
    },
    "node_modules/node-roon-api-transport": {
      "version": "2.0.1",
      "resolved": "https://github.com/RoonLabs/node-roon-api-transport/archive/refs/heads/master.tar.gz",
      "integrity": "sha512-2dMnfi3np11jqqrgOPjMex5YQSVd8Ix3vJaG8EQZEEKTkcz39mG7XpsnXSxNyth+dLzaJESw9qBMT/+tqyAb2A==",
      "license": "Apache-2.0"
    },
    "node_modules/node-uuid": {
      "version": "1.4.8",
      "resolved": "https://registry.npmjs.org/node-uuid/-/node-uuid-1.4.8.tgz",
      "integrity": "sha512-TkCET/3rr9mUuRp+CpO7qfgT++aAxfDRaalQhwPFzI9BY/2rCDn6OfpZOVggi1AXfTPpfkTrg5f5WQx5G1uLxA==",
      "deprecated": "Use uuid module instead",
      "bin": {
        "uuid": "bin/uuid"
      }
    },
    "node_modules/ws": {
      "version": "8.21.0",
      "resolved": "https://registry.npmjs.org/ws/-/ws-8.21.0.tgz",
      "integrity": "sha512-Vsp28b7DRcimFQvrqu2Wek3z1iYxDCWqHYB8Qsnk/S4RfaCQzPGPyBNuVjJV3cd6UiKtUtp6sNM77gWvzcCH+g==",
      "license": "MIT",
      "engines": {
        "node": ">=10.0.0"
      },
      "peerDependencies": {
        "bufferutil": "^4.0.1",
        "utf-8-validate": ">=5.0.2"
      },
      "peerDependenciesMeta": {
        "bufferutil": {
          "optional": true
        },
        "utf-8-validate": {
          "optional": true
        }
      }
    }
  }
}
